{
  "version": 4,
  "terraform_version": "1.14.7",
  "serial": 6,
  "lineage": "6b5771d8-40e0-c9ae-43ac-ca3680a0dd0e",
  "outputs": {
    "acr_login_server": {
      "value": "acrthreetieraks.azurecr.io",
      "type": "string"
    },
    "aks_cluster_name": {
      "value": "aks-three-tier",
      "type": "string"
    },
    "resource_group_name": {
      "value": "rg-three-tier-aks",
      "type": "string"
    }
  },
  "resources": [
    {
      "mode": "managed",
      "type": "azurerm_container_registry",
      "name": "acr",
      "provider": "provider[\"registry.terraform.io/hashicorp/azurerm\"]",
      "instances": [
        {
          "schema_version": 2,
          "attributes": {
            "admin_enabled": true,
            "admin_password": "G2Dn6tcRU0aWUPgAgsxRroVRXxphT6fcCqD9HRNMq8UbBCpaTANlJQQJ99CCAC5T7U2Eqg7NAAACAZCRI7fa",
            "admin_username": "acrthreetieraks",
            "anonymous_pull_enabled": false,
            "data_endpoint_enabled": false,
            "data_endpoint_host_names": [],
            "encryption": [],
            "export_policy_enabled": true,
            "georeplications": [],
            "id": "/subscriptions/493b5c5a-4104-4be7-98f0-d3d256cb70e8/resourceGroups/rg-three-tier-aks/providers/Microsoft.ContainerRegistry/registries/acrthreetieraks",
            "identity": [],
            "location": "francecentral",
            "login_server": "acrthreetieraks.azurecr.io",
            "name": "acrthreetieraks",
            "network_rule_bypass_option": "AzureServices",
            "network_rule_set": [],
            "public_network_access_enabled": true,
            "quarantine_policy_enabled": false,
            "resource_group_name": "rg-three-tier-aks",
            "retention_policy_in_days": 0,
            "sku": "Basic",
            "tags": null,
            "timeouts": null,
            "trust_policy_enabled": false,
            "zone_redundancy_enabled": false
          },
          "sensitive_attributes": [
            [
              {
                "type": "get_attr",
                "value": "admin_password"
              }
            ]
          ],
          "identity_schema_version": 0,
          "private": "eyJlMmJmYjczMC1lY2FhLTExZTYtOGY4OC0zNDM2M2JjN2M0YzAiOnsiY3JlYXRlIjoxODAwMDAwMDAwMDAwLCJkZWxldGUiOjE4MDAwMDAwMDAwMDAsInJlYWQiOjMwMDAwMDAwMDAwMCwidXBkYXRlIjoxODAwMDAwMDAwMDAwfSwic2NoZW1hX3ZlcnNpb24iOiIyIn0=",
          "dependencies": [
            "azurerm_resource_group.rg"
          ]
        }
      ]
    },
    {
      "mode": "managed",
      "type": "azurerm_resource_group",
      "name": "rg",
      "provider": "provider[\"registry.terraform.io/hashicorp/azurerm\"]",
      "instances": [
        {
          "schema_version": 0,
          "attributes": {
            "id": "/subscriptions/493b5c5a-4104-4be7-98f0-d3d256cb70e8/resourceGroups/rg-three-tier-aks",
            "location": "francecentral",
            "managed_by": "",
            "name": "rg-three-tier-aks",
            "tags": null,
            "timeouts": null
          },
          "sensitive_attributes": [],
          "identity_schema_version": 0,
          "identity": {
            "name": "rg-three-tier-aks",
            "subscription_id": "493b5c5a-4104-4be7-98f0-d3d256cb70e8"
          },
          "private": "eyJlMmJmYjczMC1lY2FhLTExZTYtOGY4OC0zNDM2M2JjN2M0YzAiOnsiY3JlYXRlIjo1NDAwMDAwMDAwMDAwLCJkZWxldGUiOjU0MDAwMDAwMDAwMDAsInJlYWQiOjMwMDAwMDAwMDAwMCwidXBkYXRlIjo1NDAwMDAwMDAwMDAwfX0="
        }
      ]
    }
  ],
  "check_results": null
}
